
Microsoft Visual Studio Solution File, Format Version 12.00
# Visual Studio 15
VisualStudioVersion = 15.0.28307.705
MinimumVisualStudioVersion = 10.0.40219.1
Project("{9A19103F-16F7-4668-BE54-9A1E7A4F7556}") = "CarRental.Web", "CarRental\CarRental.Web.csproj", "{A67C0F25-B48F-4195-B7FE-A5AAB6E3108A}"
EndProject
Project("{9A19103F-16F7-4668-BE54-9A1E7A4F7556}") = "CarRental.Domain", "CarRental.Domain\CarRental.Domain.csproj", "{C1EE5C57-2750-4101-9509-7F996F5E8774}"
EndProject
Project("{9A19103F-16F7-4668-BE54-9A1E7A4F7556}") = "CarRental.Data", "CarRental.Data\CarRental.Data.csproj", "{67B5FCF8-EACE-452C-B1CB-D6FF2C303B5D}"
EndProject
Project("{9A19103F-16F7-4668-BE54-9A1E7A4F7556}") = "CarRental.Services", "CarRental.Services\CarRental.Services.csproj", "{0C967032-22E7-47AF-9861-889E390234A4}"
EndProject
Project("{FAE04EC0-301F-11D3-BF4B-00C04F79EFBC}") = "CarRental.AdminWeb", "CarRental.AdminWeb\CarRental.AdminWeb.csproj", "{6C6FA408-3BDC-4D68-B67E-562E0E4F499D}"
EndProject
Global
	GlobalSection(SolutionConfigurationPlatforms) = preSolution
		Debug|Any CPU = Debug|Any CPU
		Release|Any CPU = Release|Any CPU
	EndGlobalSection
	GlobalSection(ProjectConfigurationPlatforms) = postSolution
		{A67C0F25-B48F-4195-B7FE-A5AAB6E3108A}.Debug|Any CPU.ActiveCfg = Debug|Any CPU
		{A67C0F25-B48F-4195-B7FE-A5AAB6E3108A}.Debug|Any CPU.Build.0 = Debug|Any CPU
		{A67C0F25-B48F-4195-B7FE-A5AAB6E3108A}.Release|Any CPU.ActiveCfg = Release|Any CPU
		{A67C0F25-B48F-4195-B7FE-A5AAB6E3108A}.Release|Any CPU.Build.0 = Release|Any CPU
		{C1EE5C57-2750-4101-9509-7F996F5E8774}.Debug|Any CPU.ActiveCfg = Debug|Any CPU
		{C1EE5C57-2750-4101-9509-7F996F5E8774}.Debug|Any CPU.Build.0 = Debug|Any CPU
		{C1EE5C57-2750-4101-9509-7F996F5E8774}.Release|Any CPU.ActiveCfg = Release|Any CPU
		{C1EE5C57-2750-4101-9509-7F996F5E8774}.Release|Any CPU.Build.0 = Release|Any CPU
		{67B5FCF8-EACE-452C-B1CB-D6FF2C303B5D}.Debug|Any CPU.ActiveCfg = Debug|Any CPU
		{67B5FCF8-EACE-452C-B1CB-D6FF2C303B5D}.Debug|Any CPU.Build.0 = Debug|Any CPU
		{67B5FCF8-EACE-452C-B1CB-D6FF2C303B5D}.Release|Any CPU.ActiveCfg = Release|Any CPU
		{67B5FCF8-EACE-452C-B1CB-D6FF2C303B5D}.Release|Any CPU.Build.0 = Release|Any CPU
		{0C967032-22E7-47AF-9861-889E390234A4}.Debug|Any CPU.ActiveCfg = Debug|Any CPU
		{0C967032-22E7-47AF-9861-889E390234A4}.Debug|Any CPU.Build.0 = Debug|Any CPU
		{0C967032-22E7-47AF-9861-889E390234A4}.Release|Any CPU.ActiveCfg = Release|Any CPU
		{0C967032-22E7-47AF-9861-889E390234A4}.Release|Any CPU.Build.0 = Release|Any CPU
		{6C6FA408-3BDC-4D68-B67E-562E0E4F499D}.Debug|Any CPU.ActiveCfg = Debug|Any CPU
		{6C6FA408-3BDC-4D68-B67E-562E0E4F499D}.Debug|Any CPU.Build.0 = Debug|Any CPU
		{6C6FA408-3BDC-4D68-B67E-562E0E4F499D}.Release|Any CPU.ActiveCfg = Release|Any CPU
		{6C6FA408-3BDC-4D68-B67E-562E0E4F499D}.Release|Any CPU.Build.0 = Release|Any CPU
	EndGlobalSection
	GlobalSection(SolutionProperties) = preSolution
		HideSolutionNode = FALSE
	EndGlobalSection
	GlobalSection(ExtensibilityGlobals) = postSolution
		SolutionGuid = {09E4219C-ACBD-491E-B6BD-D5ECDAD5FBD5}
	EndGlobalSection
EndGlobal
